github.com/ajfriesen/hugo-theme-ajfriesen v0.0.0-20191005060438-decee1da7e6e h1:+/X+g2vcJ8ERXhTPGxl9L2L1W8UU1Q2ZDiuaKVH0HX8=
github.com/ajfriesen/hugo-theme-ajfriesen v0.0.0-20191005060438-decee1da7e6e/go.mod h1:57fyD8IU9hJ4jjNFIXf13GbswCsl8UtHvsLk4x3TmUE=
github.com/ajfriesen/hugo-theme-ajfriesen v0.0.0-20191018203340-bf6d1c0ae849 h1:9SdlH5iAawfW6Mk4qW2wZASVwT99YN4yXWOuZcy7H+0=
github.com/ajfriesen/hugo-theme-ajfriesen v0.0.0-20191018203340-bf6d1c0ae849/go.mod h1:57fyD8IU9hJ4jjNFIXf13GbswCsl8UtHvsLk4x3TmUE=
github.com/ajfriesen/hugo-theme-ajfriesen v0.0.0-20191021200053-05d48fdf30e7 h1:B/ULVFVk6qerhLgOphBuoYhEHdQJGWW3qDZng0Yxme4=
github.com/ajfriesen/hugo-theme-ajfriesen v0.0.0-20191021200053-05d48fdf30e7/go.mod h1:57fyD8IU9hJ4jjNFIXf13GbswCsl8UtHvsLk4x3TmUE=
github.com/ajfriesen/hugo-theme-ajfriesen v0.0.0-20191027222307-6e2b9f44caa8 h1:IDsx2l7NJH9RTdcj5GPjETnvHEh00i2SAftFrgKPhGw=
github.com/ajfriesen/hugo-theme-ajfriesen v0.0.0-20191027222307-6e2b9f44caa8/go.mod h1:57fyD8IU9hJ4jjNFIXf13GbswCsl8UtHvsLk4x3TmUE=
github.com/ajfriesen/hugo-theme-ajfriesen v0.0.0-20191028204105-93f91f2d21a0 h1:L5FIbAWWFSMBsx9UfWE4OTnUg1FMX8nZAs3Zk/HcFr4=
github.com/ajfriesen/hugo-theme-ajfriesen v0.0.0-20191028204105-93f91f2d21a0/go.mod h1:57fyD8IU9hJ4jjNFIXf13GbswCsl8UtHvsLk4x3TmUE=
